
Microsoft Visual Studio Solution File, Format Version 12.00
# Visual Studio Version 17
VisualStudioVersion = 17.10.35122.118
MinimumVisualStudioVersion = 10.0.40219.1
Project("{FAE04EC0-301F-11D3-BF4B-00C04F79EFBC}") = "deploymentWithDocker", "deploymentWithDocker\deploymentWithDocker.csproj", "{7DE02E47-4B86-45DD-8F17-0E92554776A5}"
EndProject
Project("{E53339B2-1760-4266-BCC7-CA923CBCF16C}") = "docker-compose", "docker-compose.dcproj", "{EF5F6777-CC7A-4E5B-BE06-053FA7E09939}"
EndProject
Global
	GlobalSection(SolutionConfigurationPlatforms) = preSolution
		Debug|Any CPU = Debug|Any CPU
		Release|Any CPU = Release|Any CPU
	EndGlobalSection
	GlobalSection(ProjectConfigurationPlatforms) = postSolution
		{7DE02E47-4B86-45DD-8F17-0E92554776A5}.Debug|Any CPU.ActiveCfg = Debug|Any CPU
		{7DE02E47-4B86-45DD-8F17-0E92554776A5}.Debug|Any CPU.Build.0 = Debug|Any CPU
		{7DE02E47-4B86-45DD-8F17-0E92554776A5}.Release|Any CPU.ActiveCfg = Release|Any CPU
		{7DE02E47-4B86-45DD-8F17-0E92554776A5}.Release|Any CPU.Build.0 = Release|Any CPU
		{EF5F6777-CC7A-4E5B-BE06-053FA7E09939}.Debug|Any CPU.ActiveCfg = Debug|Any CPU
		{EF5F6777-CC7A-4E5B-BE06-053FA7E09939}.Debug|Any CPU.Build.0 = Debug|Any CPU
		{EF5F6777-CC7A-4E5B-BE06-053FA7E09939}.Release|Any CPU.ActiveCfg = Release|Any CPU
		{EF5F6777-CC7A-4E5B-BE06-053FA7E09939}.Release|Any CPU.Build.0 = Release|Any CPU
	EndGlobalSection
	GlobalSection(SolutionProperties) = preSolution
		HideSolutionNode = FALSE
	EndGlobalSection
	GlobalSection(ExtensibilityGlobals) = postSolution
		SolutionGuid = {3CD3E30D-8CB2-468E-B50C-379C6831A3C6}
	EndGlobalSection
EndGlobal
